// !$*UTF8*$!
{
	archiveVersion = 1;
	classes = {
	};
	objectVersion = 50;
	objects = {

/* Begin PBXBuildFile section */
		19C98B2D2192043400E8A36F /* AppDelegate.m in Sources */ = {isa = PBXBuildFile; fileRef = 19C98B2C2192043400E8A36F /* AppDelegate.m */; };
		19C98B302192043400E8A36F /* MainViewController.m in Sources */ = {isa = PBXBuildFile; fileRef = 19C98B2F2192043400E8A36F /* MainViewController.m */; };
		19C98B332192043400E8A36F /* Main.storyboard in Resources */ = {isa = PBXBuildFile; fileRef = 19C98B312192043400E8A36F /* Main.storyboard */; };
		19C98B362192043400E8A36F /* VitaminReminder.xcdatamodeld in Sources */ = {isa = PBXBuildFile; fileRef = 19C98B342192043400E8A36F /* VitaminReminder.xcdatamodeld */; };
		19C98B382192043500E8A36F /* Assets.xcassets in Resources */ = {isa = PBXBuildFile; fileRef = 19C98B372192043500E8A36F /* Assets.xcassets */; };
		19C98B3B2192043500E8A36F /* LaunchScreen.storyboard in Resources */ = {isa = PBXBuildFile; fileRef = 19C98B392192043500E8A36F /* LaunchScreen.storyboard */; };
		19C98B3E2192043500E8A36F /* main.m in Sources */ = {isa = PBXBuildFile; fileRef = 19C98B3D2192043500E8A36F /* main.m */; };
		19C98B482192043600E8A36F /* VitaminReminderTests.m in Sources */ = {isa = PBXBuildFile; fileRef = 19C98B472192043600E8A36F /* VitaminReminderTests.m */; };
		19C98B532192043600E8A36F /* VitaminReminderUITests.m in Sources */ = {isa = PBXBuildFile; fileRef = 19C98B522192043600E8A36F /* VitaminReminderUITests.m */; };
		19C98B65219206D700E8A36F /* proximanova-bold.otf in Resources */ = {isa = PBXBuildFile; fileRef = 19C98B64219206D700E8A36F /* proximanova-bold.otf */; };
		19C98B692192088200E8A36F /* VitaminIntakeTableViewCell.m in Sources */ = {isa = PBXBuildFile; fileRef = 19C98B672192088200E8A36F /* VitaminIntakeTableViewCell.m */; };
		19C98B6A2192088200E8A36F /* VitaminIntakeTableViewCell.xib in Resources */ = {isa = PBXBuildFile; fileRef = 19C98B682192088200E8A36F /* VitaminIntakeTableViewCell.xib */; };
		19C98B6C2192149C00E8A36F /* proximanova-medium.otf in Resources */ = {isa = PBXBuildFile; fileRef = 19C98B6B2192149C00E8A36F /* proximanova-medium.otf */; };
		19C98B6E219214C400E8A36F /* proximanova-light.otf in Resources */ = {isa = PBXBuildFile; fileRef = 19C98B6D219214C400E8A36F /* proximanova-light.otf */; };
		19C98B722192171800E8A36F /* UIView+Utils.m in Sources */ = {isa = PBXBuildFile; fileRef = 19C98B712192171800E8A36F /* UIView+Utils.m */; };
		19C98B75219217CE00E8A36F /* VitaminIntakeTableVC.m in Sources */ = {isa = PBXBuildFile; fileRef = 19C98B74219217CE00E8A36F /* VitaminIntakeTableVC.m */; };
		19C98B7C2192277A00E8A36F /* VitaminIntake.m in Sources */ = {isa = PBXBuildFile; fileRef = 19C98B7B2192277A00E8A36F /* VitaminIntake.m */; };
		19C98B8B219228C600E8A36F /* NSManagedObject+Extensions.m in Sources */ = {isa = PBXBuildFile; fileRef = 19C98B8A219228C600E8A36F /* NSManagedObject+Extensions.m */; };
		19C98B8F2192298D00E8A36F /* CoreDataStack.m in Sources */ = {isa = PBXBuildFile; fileRef = 19C98B8E2192298D00E8A36F /* CoreDataStack.m */; };
		19C98B9221922F2300E8A36F /* NSLayoutConstraint+Utils.m in Sources */ = {isa = PBXBuildFile; fileRef = 19C98B9121922F2300E8A36F /* NSLayoutConstraint+Utils.m */; };
		19C98B95219232A600E8A36F /* UIViewController+Utils.m in Sources */ = {isa = PBXBuildFile; fileRef = 19C98B94219232A600E8A36F /* UIViewController+Utils.m */; };
		19C98B9D21923AEB00E8A36F /* VitaminListGenerator.m in Sources */ = {isa = PBXBuildFile; fileRef = 19C98B9C21923AEB00E8A36F /* VitaminListGenerator.m */; };
		19C98BA021923D1A00E8A36F /* NSDate+Utils.m in Sources */ = {isa = PBXBuildFile; fileRef = 19C98B9F21923D1A00E8A36F /* NSDate+Utils.m */; };
		19C98BA321923F9300E8A36F /* VitaminIntakeCellModel.m in Sources */ = {isa = PBXBuildFile; fileRef = 19C98BA221923F9300E8A36F /* VitaminIntakeCellModel.m */; };
		19C98BAB2192566E00E8A36F /* AllVitaminsTableVC.m in Sources */ = {isa = PBXBuildFile; fileRef = 19C98BAA2192566E00E8A36F /* AllVitaminsTableVC.m */; };
		19C98BAF219256C300E8A36F /* VitaminsViewController.m in Sources */ = {isa = PBXBuildFile; fileRef = 19C98BAD219256C300E8A36F /* VitaminsViewController.m */; };
		19C98BB0219256C300E8A36F /* VitaminsViewController.xib in Resources */ = {isa = PBXBuildFile; fileRef = 19C98BAE219256C300E8A36F /* VitaminsViewController.xib */; };
		19C98BB421925A2000E8A36F /* VitaminTableViewCell.m in Sources */ = {isa = PBXBuildFile; fileRef = 19C98BB221925A2000E8A36F /* VitaminTableViewCell.m */; };
		19C98BB521925A2000E8A36F /* VitaminTableViewCell.xib in Resources */ = {isa = PBXBuildFile; fileRef = 19C98BB321925A2000E8A36F /* VitaminTableViewCell.xib */; };
		19C98BB9219379A000E8A36F /* AddOrEditVitaminViewController.m in Sources */ = {isa = PBXBuildFile; fileRef = 19C98BB7219379A000E8A36F /* AddOrEditVitaminViewController.m */; };
		19C98BBA219379A000E8A36F /* AddOrEditVitaminViewController.xib in Resources */ = {isa = PBXBuildFile; fileRef = 19C98BB8219379A000E8A36F /* AddOrEditVitaminViewController.xib */; };
		19C98BBD2193841100E8A36F /* UIColor+Utils.m in Sources */ = {isa = PBXBuildFile; fileRef = 19C98BBC2193841100E8A36F /* UIColor+Utils.m */; };
		19C98BC02193887700E8A36F /* DosageCollectionViewController.m in Sources */ = {isa = PBXBuildFile; fileRef = 19C98BBF2193887700E8A36F /* DosageCollectionViewController.m */; };
		19C98BC42193890B00E8A36F /* DosageCollectionViewCell.m in Sources */ = {isa = PBXBuildFile; fileRef = 19C98BC22193890B00E8A36F /* DosageCollectionViewCell.m */; };
		19C98BC52193890B00E8A36F /* DosageCollectionViewCell.xib in Resources */ = {isa = PBXBuildFile; fileRef = 19C98BC32193890B00E8A36F /* DosageCollectionViewCell.xib */; };
		19C98BCA2193915D00E8A36F /* DosageCollectionViewController.xib in Resources */ = {isa = PBXBuildFile; fileRef = 19C98BC82193915D00E8A36F /* DosageCollectionViewController.xib */; };
		19C98BCE219414AF00E8A36F /* DosageViewController.m in Sources */ = {isa = PBXBuildFile; fileRef = 19C98BCC219414AF00E8A36F /* DosageViewController.m */; };
		19C98BCF219414AF00E8A36F /* DosageViewController.xib in Resources */ = {isa = PBXBuildFile; fileRef = 19C98BCD219414AF00E8A36F /* DosageViewController.xib */; };
		19F368BF21A09EE70008FF3E /* Vitamin.m in Sources */ = {isa = PBXBuildFile; fileRef = 19F368B121A09EE70008FF3E /* Vitamin.m */; };
		19F368C121A09EE70008FF3E /* Days.m in Sources */ = {isa = PBXBuildFile; fileRef = 19F368B521A09EE70008FF3E /* Days.m */; };
		19F368C321A09EE70008FF3E /* UserVitaminIntake.m in Sources */ = {isa = PBXBuildFile; fileRef = 19F368B921A09EE70008FF3E /* UserVitaminIntake.m */; };
		19F368C521A09EE70008FF3E /* Dosage.m in Sources */ = {isa = PBXBuildFile; fileRef = 19F368BD21A09EE70008FF3E /* Dosage.m */; };
		19F368D421A0A4620008FF3E /* VitaminTests.m in Sources */ = {isa = PBXBuildFile; fileRef = 19F368D321A0A4620008FF3E /* VitaminTests.m */; };
		19F368D521A0A5060008FF3E /* CoreDataStack.m in Sources */ = {isa = PBXBuildFile; fileRef = 19C98B8E2192298D00E8A36F /* CoreDataStack.m */; };
		19F368D821A0A7F10008FF3E /* DosageDataSource.m in Sources */ = {isa = PBXBuildFile; fileRef = 19F368D721A0A7F10008FF3E /* DosageDataSource.m */; };
		19F368DB21A0AB850008FF3E /* DosageTests.m in Sources */ = {isa = PBXBuildFile; fileRef = 19F368DA21A0AB850008FF3E /* DosageTests.m */; };
		19F368DE21A0AE0D0008FF3E /* ManagedObject.m in Sources */ = {isa = PBXBuildFile; fileRef = 19F368DD21A0AE0D0008FF3E /* ManagedObject.m */; };
		19F368ED21A0C1A30008FF3E /* MockPersistentContainer.m in Sources */ = {isa = PBXBuildFile; fileRef = 19F368EC21A0C1A30008FF3E /* MockPersistentContainer.m */; };
		19F368F021A0C33E0008FF3E /* VitaminDataModel.m in Sources */ = {isa = PBXBuildFile; fileRef = 19F368EF21A0C33E0008FF3E /* VitaminDataModel.m */; };
		19F368F321A0C3D90008FF3E /* DaysDataModel.m in Sources */ = {isa = PBXBuildFile; fileRef = 19F368F221A0C3D90008FF3E /* DaysDataModel.m */; };
		19F368F621A0C4190008FF3E /* DosageDataModel.m in Sources */ = {isa = PBXBuildFile; fileRef = 19F368F521A0C4190008FF3E /* DosageDataModel.m */; };
		19F368F821A0C4570008FF3E /* Color.h in Sources */ = {isa = PBXBuildFile; fileRef = 19F368F721A0C4570008FF3E /* Color.h */; };
		19F368FB21A0C9400008FF3E /* DosageStorageManager.m in Sources */ = {isa = PBXBuildFile; fileRef = 19F368FA21A0C9400008FF3E /* DosageStorageManager.m */; };
		19F368FF21A0D8C00008FF3E /* MainTabBarController.m in Sources */ = {isa = PBXBuildFile; fileRef = 19F368FD21A0D8C00008FF3E /* MainTabBarController.m */; };
		19F3690021A0D8C00008FF3E /* MainTabBarController.xib in Resources */ = {isa = PBXBuildFile; fileRef = 19F368FE21A0D8C00008FF3E /* MainTabBarController.xib */; };
		19F3690321A0DBAC0008FF3E /* AppCoordinator.m in Sources */ = {isa = PBXBuildFile; fileRef = 19F3690221A0DBAC0008FF3E /* AppCoordinator.m */; };
		19F3690721A16A8A0008FF3E /* TabBarCoordinator.m in Sources */ = {isa = PBXBuildFile; fileRef = 19F3690621A16A8A0008FF3E /* TabBarCoordinator.m */; };
		19F3690A21A16AA80008FF3E /* HomeCoordinator.m in Sources */ = {isa = PBXBuildFile; fileRef = 19F3690921A16AA80008FF3E /* HomeCoordinator.m */; };
		19F3690D21A16AB60008FF3E /* MyVitaminsCoordinator.m in Sources */ = {isa = PBXBuildFile; fileRef = 19F3690C21A16AB60008FF3E /* MyVitaminsCoordinator.m */; };
		19F3691121A16BD40008FF3E /* StorageManager.m in Sources */ = {isa = PBXBuildFile; fileRef = 19F3691021A16BD40008FF3E /* StorageManager.m */; };
		19F3691521A1741E0008FF3E /* HomeViewController.m in Sources */ = {isa = PBXBuildFile; fileRef = 19F3691321A1741E0008FF3E /* HomeViewController.m */; };
		19F3691621A1741E0008FF3E /* HomeViewController.xib in Resources */ = {isa = PBXBuildFile; fileRef = 19F3691421A1741E0008FF3E /* HomeViewController.xib */; };
		19F3691921A177910008FF3E /* CustomNavigationBar.m in Sources */ = {isa = PBXBuildFile; fileRef = 19F3691821A177910008FF3E /* CustomNavigationBar.m */; };
		19F3691B21A1779B0008FF3E /* CustomNavigationBar.xib in Resources */ = {isa = PBXBuildFile; fileRef = 19F3691A21A1779B0008FF3E /* CustomNavigationBar.xib */; };
		19F3691E21A19A510008FF3E /* NSUserDefaults+Utils.m in Sources */ = {isa = PBXBuildFile; fileRef = 19F3691D21A19A510008FF3E /* NSUserDefaults+Utils.m */; };
		19F3692221A19B280008FF3E /* Constants.m in Sources */ = {isa = PBXBuildFile; fileRef = 19F3692121A19B280008FF3E /* Constants.m */; };
		19F3692621A1A00D0008FF3E /* WelcomeViewController.m in Sources */ = {isa = PBXBuildFile; fileRef = 19F3692421A1A00D0008FF3E /* WelcomeViewController.m */; };
		19F3692721A1A00D0008FF3E /* WelcomeViewController.xib in Resources */ = {isa = PBXBuildFile; fileRef = 19F3692521A1A00D0008FF3E /* WelcomeViewController.xib */; };
		19F3692A21A1B7370008FF3E /* EmptyDataView.m in Sources */ = {isa = PBXBuildFile; fileRef = 19F3692921A1B7370008FF3E /* EmptyDataView.m */; };
		19F3692E21A1BA290008FF3E /* EmptyDataView.xib in Resources */ = {isa = PBXBuildFile; fileRef = 19F3692D21A1BA290008FF3E /* EmptyDataView.xib */; };
		19F3693221A1C6DB0008FF3E /* VitaminStorageManager.m in Sources */ = {isa = PBXBuildFile; fileRef = 19F3693121A1C6DB0008FF3E /* VitaminStorageManager.m */; };
		19F3693C21A1CF530008FF3E /* DaysStorageManager.m in Sources */ = {isa = PBXBuildFile; fileRef = 19F3693B21A1CF530008FF3E /* DaysStorageManager.m */; };
		19F3693F21A1D33C0008FF3E /* UserVitaminIntakeStorageManager.m in Sources */ = {isa = PBXBuildFile; fileRef = 19F3693E21A1D33C0008FF3E /* UserVitaminIntakeStorageManager.m */; };
		19F3694321A1D7510008FF3E /* UserVitaminIntakeDataModel.m in Sources */ = {isa = PBXBuildFile; fileRef = 19F3694221A1D7510008FF3E /* UserVitaminIntakeDataModel.m */; };
		19F3694521A1DD7D0008FF3E /* ObjectDataModel.m in Sources */ = {isa = PBXBuildFile; fileRef = 19F3694421A1DD7D0008FF3E /* ObjectDataModel.m */; };
		19F3694721A1E7D40008FF3E /* UserVitaminIntakeTests.m in Sources */ = {isa = PBXBuildFile; fileRef = 19F3694621A1E7D40008FF3E /* UserVitaminIntakeTests.m */; };
		19F3694921A1F40D0008FF3E /* DaysTests.m in Sources */ = {isa = PBXBuildFile; fileRef = 19F3694821A1F40D0008FF3E /* DaysTests.m */; };
/* End PBXBuildFile section */

/* Begin PBXContainerItemProxy section */
		19C98B442192043600E8A36F /* PBXContainerItemProxy */ = {
			isa = PBXContainerItemProxy;
			containerPortal = 19C98B202192043400E8A36F /* Project object */;
			proxyType = 1;
			remoteGlobalIDString = 19C98B272192043400E8A36F;
			remoteInfo = VitaminReminder;
		};
		19C98B4F2192043600E8A36F /* PBXContainerItemProxy */ = {
			isa = PBXContainerItemProxy;
			containerPortal = 19C98B202192043400E8A36F /* Project object */;
			proxyType = 1;
			remoteGlobalIDString = 19C98B272192043400E8A36F;
			remoteInfo = VitaminReminder;
		};
/* End PBXContainerItemProxy section */

/* Begin PBXFileReference section */
		19C98B282192043400E8A36F /* VitaminReminder.app */ = {isa = PBXFileReference; explicitFileType = wrapper.application; includeInIndex = 0; path = VitaminReminder.app; sourceTree = BUILT_PRODUCTS_DIR; };
		19C98B2B2192043400E8A36F /* AppDelegate.h */ = {isa = PBXFileReference; lastKnownFileType = sourcecode.c.h; path = AppDelegate.h; sourceTree = "<group>"; };
		19C98B2C2192043400E8A36F /* AppDelegate.m */ = {isa = PBXFileReference; lastKnownFileType = sourcecode.c.objc; path = AppDelegate.m; sourceTree = "<group>"; };
		19C98B2E2192043400E8A36F /* MainViewController.h */ = {isa = PBXFileReference; lastKnownFileType = sourcecode.c.h; path = MainViewController.h; sourceTree = "<group>"; };
		19C98B2F2192043400E8A36F /* MainViewController.m */ = {isa = PBXFileReference; lastKnownFileType = sourcecode.c.objc; path = MainViewController.m; sourceTree = "<group>"; };
		19C98B322192043400E8A36F /* Base */ = {isa = PBXFileReference; lastKnownFileType = file.storyboard; name = Base; path = Base.lproj/Main.storyboard; sourceTree = "<group>"; };
		19C98B352192043400E8A36F /* VitaminReminder.xcdatamodel */ = {isa = PBXFileReference; lastKnownFileType = wrapper.xcdatamodel; path = VitaminReminder.xcdatamodel; sourceTree = "<group>"; };
		19C98B372192043500E8A36F /* Assets.xcassets */ = {isa = PBXFileReference; lastKnownFileType = folder.assetcatalog; path = Assets.xcassets; sourceTree = "<group>"; };
		19C98B3A2192043500E8A36F /* Base */ = {isa = PBXFileReference; lastKnownFileType = file.storyboard; name = Base; path = Base.lproj/LaunchScreen.storyboard; sourceTree = "<group>"; };
		19C98B3C2192043500E8A36F /* Info.plist */ = {isa = PBXFileReference; lastKnownFileType = text.plist.xml; path = Info.plist; sourceTree = "<group>"; };
		19C98B3D2192043500E8A36F /* main.m */ = {isa = PBXFileReference; lastKnownFileType = sourcecode.c.objc; path = main.m; sourceTree = "<group>"; };
		19C98B432192043600E8A36F /* VitaminReminderTests.xctest */ = {isa = PBXFileReference; explicitFileType = wrapper.cfbundle; includeInIndex = 0; path = VitaminReminderTests.xctest; sourceTree = BUILT_PRODUCTS_DIR; };
		19C98B472192043600E8A36F /* VitaminReminderTests.m */ = {isa = PBXFileReference; lastKnownFileType = sourcecode.c.objc; path = VitaminReminderTests.m; sourceTree = "<group>"; };
		19C98B492192043600E8A36F /* Info.plist */ = {isa = PBXFileReference; lastKnownFileType = text.plist.xml; path = Info.plist; sourceTree = "<group>"; };
		19C98B4E2192043600E8A36F /* VitaminReminderUITests.xctest */ = {isa = PBXFileReference; explicitFileType = wrapper.cfbundle; includeInIndex = 0; path = VitaminReminderUITests.xctest; sourceTree = BUILT_PRODUCTS_DIR; };
		19C98B522192043600E8A36F /* VitaminReminderUITests.m */ = {isa = PBXFileReference; lastKnownFileType = sourcecode.c.objc; path = VitaminReminderUITests.m; sourceTree = "<group>"; };
		19C98B542192043600E8A36F /* Info.plist */ = {isa = PBXFileReference; lastKnownFileType = text.plist.xml; path = Info.plist; sourceTree = "<group>"; };
		19C98B64219206D700E8A36F /* proximanova-bold.otf */ = {isa = PBXFileReference; lastKnownFileType = file; path = "proximanova-bold.otf"; sourceTree = "<group>"; };
		19C98B662192088200E8A36F /* VitaminIntakeTableViewCell.h */ = {isa = PBXFileReference; lastKnownFileType = sourcecode.c.h; path = VitaminIntakeTableViewCell.h; sourceTree = "<group>"; };
		19C98B672192088200E8A36F /* VitaminIntakeTableViewCell.m */ = {isa = PBXFileReference; lastKnownFileType = sourcecode.c.objc; path = VitaminIntakeTableViewCell.m; sourceTree = "<group>"; };
		19C98B682192088200E8A36F /* VitaminIntakeTableViewCell.xib */ = {isa = PBXFileReference; lastKnownFileType = file.xib; path = VitaminIntakeTableViewCell.xib; sourceTree = "<group>"; };
		19C98B6B2192149C00E8A36F /* proximanova-medium.otf */ = {isa = PBXFileReference; lastKnownFileType = file; path = "proximanova-medium.otf"; sourceTree = "<group>"; };
		19C98B6D219214C400E8A36F /* proximanova-light.otf */ = {isa = PBXFileReference; lastKnownFileType = file; path = "proximanova-light.otf"; sourceTree = "<group>"; };
		19C98B702192171800E8A36F /* UIView+Utils.h */ = {isa = PBXFileReference; lastKnownFileType = sourcecode.c.h; path = "UIView+Utils.h"; sourceTree = "<group>"; };
		19C98B712192171800E8A36F /* UIView+Utils.m */ = {isa = PBXFileReference; lastKnownFileType = sourcecode.c.objc; path = "UIView+Utils.m"; sourceTree = "<group>"; };
		19C98B73219217CE00E8A36F /* VitaminIntakeTableVC.h */ = {isa = PBXFileReference; lastKnownFileType = sourcecode.c.h; path = VitaminIntakeTableVC.h; sourceTree = "<group>"; };
		19C98B74219217CE00E8A36F /* VitaminIntakeTableVC.m */ = {isa = PBXFileReference; lastKnownFileType = sourcecode.c.objc; path = VitaminIntakeTableVC.m; sourceTree = "<group>"; };
		19C98B7A2192277A00E8A36F /* VitaminIntake.h */ = {isa = PBXFileReference; lastKnownFileType = sourcecode.c.h; path = VitaminIntake.h; sourceTree = "<group>"; };
		19C98B7B2192277A00E8A36F /* VitaminIntake.m */ = {isa = PBXFileReference; lastKnownFileType = sourcecode.c.objc; path = VitaminIntake.m; sourceTree = "<group>"; };
		19C98B89219228C600E8A36F /* NSManagedObject+Extensions.h */ = {isa = PBXFileReference; lastKnownFileType = sourcecode.c.h; path = "NSManagedObject+Extensions.h"; sourceTree = "<group>"; };
		19C98B8A219228C600E8A36F /* NSManagedObject+Extensions.m */ = {isa = PBXFileReference; lastKnownFileType = sourcecode.c.objc; path = "NSManagedObject+Extensions.m"; sourceTree = "<group>"; };
		19C98B8D2192298D00E8A36F /* CoreDataStack.h */ = {isa = PBXFileReference; lastKnownFileType = sourcecode.c.h; path = CoreDataStack.h; sourceTree = "<group>"; };
		19C98B8E2192298D00E8A36F /* CoreDataStack.m */ = {isa = PBXFileReference; lastKnownFileType = sourcecode.c.objc; path = CoreDataStack.m; sourceTree = "<group>"; };
		19C98B9021922F2300E8A36F /* NSLayoutConstraint+Utils.h */ = {isa = PBXFileReference; lastKnownFileType = sourcecode.c.h; path = "NSLayoutConstraint+Utils.h"; sourceTree = "<group>"; };
		19C98B9121922F2300E8A36F /* NSLayoutConstraint+Utils.m */ = {isa = PBXFileReference; lastKnownFileType = sourcecode.c.objc; path = "NSLayoutConstraint+Utils.m"; sourceTree = "<group>"; };
		19C98B93219232A600E8A36F /* UIViewController+Utils.h */ = {isa = PBXFileReference; lastKnownFileType = sourcecode.c.h; path = "UIViewController+Utils.h"; sourceTree = "<group>"; };
		19C98B94219232A600E8A36F /* UIViewController+Utils.m */ = {isa = PBXFileReference; lastKnownFileType = sourcecode.c.objc; path = "UIViewController+Utils.m"; sourceTree = "<group>"; };
		19C98B992192388D00E8A36F /* Managed.h */ = {isa = PBXFileReference; lastKnownFileType = sourcecode.c.h; path = Managed.h; sourceTree = "<group>"; };
		19C98B9B21923AEB00E8A36F /* VitaminListGenerator.h */ = {isa = PBXFileReference; lastKnownFileType = sourcecode.c.h; path = VitaminListGenerator.h; sourceTree = "<group>"; };
		19C98B9C21923AEB00E8A36F /* VitaminListGenerator.m */ = {isa = PBXFileReference; lastKnownFileType = sourcecode.c.objc; path = VitaminListGenerator.m; sourceTree = "<group>"; };
		19C98B9E21923D1A00E8A36F /* NSDate+Utils.h */ = {isa = PBXFileReference; lastKnownFileType = sourcecode.c.h; path = "NSDate+Utils.h"; sourceTree = "<group>"; };
		19C98B9F21923D1A00E8A36F /* NSDate+Utils.m */ = {isa = PBXFileReference; lastKnownFileType = sourcecode.c.objc; path = "NSDate+Utils.m"; sourceTree = "<group>"; };
		19C98BA121923F9300E8A36F /* VitaminIntakeCellModel.h */ = {isa = PBXFileReference; lastKnownFileType = sourcecode.c.h; path = VitaminIntakeCellModel.h; sourceTree = "<group>"; };
		19C98BA221923F9300E8A36F /* VitaminIntakeCellModel.m */ = {isa = PBXFileReference; lastKnownFileType = sourcecode.c.objc; path = VitaminIntakeCellModel.m; sourceTree = "<group>"; };
		19C98BA92192566E00E8A36F /* AllVitaminsTableVC.h */ = {isa = PBXFileReference; lastKnownFileType = sourcecode.c.h; path = AllVitaminsTableVC.h; sourceTree = "<group>"; };
		19C98BAA2192566E00E8A36F /* AllVitaminsTableVC.m */ = {isa = PBXFileReference; lastKnownFileType = sourcecode.c.objc; path = AllVitaminsTableVC.m; sourceTree = "<group>"; };
		19C98BAC219256C300E8A36F /* VitaminsViewController.h */ = {isa = PBXFileReference; lastKnownFileType = sourcecode.c.h; path = VitaminsViewController.h; sourceTree = "<group>"; };
		19C98BAD219256C300E8A36F /* VitaminsViewController.m */ = {isa = PBXFileReference; lastKnownFileType = sourcecode.c.objc; path = VitaminsViewController.m; sourceTree = "<group>"; };
		19C98BAE219256C300E8A36F /* VitaminsViewController.xib */ = {isa = PBXFileReference; lastKnownFileType = file.xib; path = VitaminsViewController.xib; sourceTree = "<group>"; };
		19C98BB121925A2000E8A36F /* VitaminTableViewCell.h */ = {isa = PBXFileReference; lastKnownFileType = sourcecode.c.h; path = VitaminTableViewCell.h; sourceTree = "<group>"; };
		19C98BB221925A2000E8A36F /* VitaminTableViewCell.m */ = {isa = PBXFileReference; lastKnownFileType = sourcecode.c.objc; path = VitaminTableViewCell.m; sourceTree = "<group>"; };
		19C98BB321925A2000E8A36F /* VitaminTableViewCell.xib */ = {isa = PBXFileReference; lastKnownFileType = file.xib; path = VitaminTableViewCell.xib; sourceTree = "<group>"; };
		19C98BB6219379A000E8A36F /* AddOrEditVitaminViewController.h */ = {isa = PBXFileReference; lastKnownFileType = sourcecode.c.h; path = AddOrEditVitaminViewController.h; sourceTree = "<group>"; };
		19C98BB7219379A000E8A36F /* AddOrEditVitaminViewController.m */ = {isa = PBXFileReference; lastKnownFileType = sourcecode.c.objc; path = AddOrEditVitaminViewController.m; sourceTree = "<group>"; };
		19C98BB8219379A000E8A36F /* AddOrEditVitaminViewController.xib */ = {isa = PBXFileReference; lastKnownFileType = file.xib; path = AddOrEditVitaminViewController.xib; sourceTree = "<group>"; };
		19C98BBB2193841100E8A36F /* UIColor+Utils.h */ = {isa = PBXFileReference; lastKnownFileType = sourcecode.c.h; path = "UIColor+Utils.h"; sourceTree = "<group>"; };
		19C98BBC2193841100E8A36F /* UIColor+Utils.m */ = {isa = PBXFileReference; lastKnownFileType = sourcecode.c.objc; path = "UIColor+Utils.m"; sourceTree = "<group>"; };
		19C98BBE2193887700E8A36F /* DosageCollectionViewController.h */ = {isa = PBXFileReference; lastKnownFileType = sourcecode.c.h; path = DosageCollectionViewController.h; sourceTree = "<group>"; };
		19C98BBF2193887700E8A36F /* DosageCollectionViewController.m */ = {isa = PBXFileReference; lastKnownFileType = sourcecode.c.objc; path = DosageCollectionViewController.m; sourceTree = "<group>"; };
		19C98BC12193890B00E8A36F /* DosageCollectionViewCell.h */ = {isa = PBXFileReference; lastKnownFileType = sourcecode.c.h; path = DosageCollectionViewCell.h; sourceTree = "<group>"; };
		19C98BC22193890B00E8A36F /* DosageCollectionViewCell.m */ = {isa = PBXFileReference; lastKnownFileType = sourcecode.c.objc; path = DosageCollectionViewCell.m; sourceTree = "<group>"; };
		19C98BC32193890B00E8A36F /* DosageCollectionViewCell.xib */ = {isa = PBXFileReference; lastKnownFileType = file.xib; path = DosageCollectionViewCell.xib; sourceTree = "<group>"; };
		19C98BC82193915D00E8A36F /* DosageCollectionViewController.xib */ = {isa = PBXFileReference; lastKnownFileType = file.xib; path = DosageCollectionViewController.xib; sourceTree = "<group>"; };
		19C98BCB219414AF00E8A36F /* DosageViewController.h */ = {isa = PBXFileReference; lastKnownFileType = sourcecode.c.h; path = DosageViewController.h; sourceTree = "<group>"; };
		19C98BCC219414AF00E8A36F /* DosageViewController.m */ = {isa = PBXFileReference; lastKnownFileType = sourcecode.c.objc; path = DosageViewController.m; sourceTree = "<group>"; };
		19C98BCD219414AF00E8A36F /* DosageViewController.xib */ = {isa = PBXFileReference; lastKnownFileType = file.xib; path = DosageViewController.xib; sourceTree = "<group>"; };
		19F368AE21A09EE70008FF3E /* Vitamin.h */ = {isa = PBXFileReference; lastKnownFileType = sourcecode.c.h; path = Vitamin.h; sourceTree = "<group>"; };
		19F368B121A09EE70008FF3E /* Vitamin.m */ = {isa = PBXFileReference; lastKnownFileType = sourcecode.c.objc; path = Vitamin.m; sourceTree = "<group>"; };
		19F368B221A09EE70008FF3E /* Days.h */ = {isa = PBXFileReference; lastKnownFileType = sourcecode.c.h; path = Days.h; sourceTree = "<group>"; };
		19F368B521A09EE70008FF3E /* Days.m */ = {isa = PBXFileReference; lastKnownFileType = sourcecode.c.objc; path = Days.m; sourceTree = "<group>"; };
		19F368B621A09EE70008FF3E /* UserVitaminIntake.h */ = {isa = PBXFileReference; lastKnownFileType = sourcecode.c.h; path = UserVitaminIntake.h; sourceTree = "<group>"; };
		19F368B921A09EE70008FF3E /* UserVitaminIntake.m */ = {isa = PBXFileReference; lastKnownFileType = sourcecode.c.objc; path = UserVitaminIntake.m; sourceTree = "<group>"; };
		19F368BA21A09EE70008FF3E /* Dosage.h */ = {isa = PBXFileReference; lastKnownFileType = sourcecode.c.h; path = Dosage.h; sourceTree = "<group>"; };
		19F368BD21A09EE70008FF3E /* Dosage.m */ = {isa = PBXFileReference; lastKnownFileType = sourcecode.c.objc; path = Dosage.m; sourceTree = "<group>"; };
		19F368D321A0A4620008FF3E /* VitaminTests.m */ = {isa = PBXFileReference; lastKnownFileType = sourcecode.c.objc; path = VitaminTests.m; sourceTree = "<group>"; };
		19F368D621A0A7F10008FF3E /* DosageDataSource.h */ = {isa = PBXFileReference; lastKnownFileType = sourcecode.c.h; path = DosageDataSource.h; sourceTree = "<group>"; };
		19F368D721A0A7F10008FF3E /* DosageDataSource.m */ = {isa = PBXFileReference; lastKnownFileType = sourcecode.c.objc; path = DosageDataSource.m; sourceTree = "<group>"; };
		19F368D921A0A8650008FF3E /* ManagedObjectDataSource.h */ = {isa = PBXFileReference; lastKnownFileType = sourcecode.c.h; path = ManagedObjectDataSource.h; sourceTree = "<group>"; };
		19F368DA21A0AB850008FF3E /* DosageTests.m */ = {isa = PBXFileReference; lastKnownFileType = sourcecode.c.objc; path = DosageTests.m; sourceTree = "<group>"; };
		19F368DC21A0AE0D0008FF3E /* ManagedObject.h */ = {isa = PBXFileReference; lastKnownFileType = sourcecode.c.h; path = ManagedObject.h; sourceTree = "<group>"; };
		19F368DD21A0AE0D0008FF3E /* ManagedObject.m */ = {isa = PBXFileReference; lastKnownFileType = sourcecode.c.objc; path = ManagedObject.m; sourceTree = "<group>"; };
		19F368EB21A0C1A30008FF3E /* MockPersistentContainer.h */ = {isa = PBXFileReference; lastKnownFileType = sourcecode.c.h; path = MockPersistentContainer.h; sourceTree = "<group>"; };
		19F368EC21A0C1A30008FF3E /* MockPersistentContainer.m */ = {isa = PBXFileReference; lastKnownFileType = sourcecode.c.objc; path = MockPersistentContainer.m; sourceTree = "<group>"; };
		19F368EE21A0C33E0008FF3E /* VitaminDataModel.h */ = {isa = PBXFileReference; lastKnownFileType = sourcecode.c.h; path = VitaminDataModel.h; sourceTree = "<group>"; };
		19F368EF21A0C33E0008FF3E /* VitaminDataModel.m */ = {isa = PBXFileReference; lastKnownFileType = sourcecode.c.objc; path = VitaminDataModel.m; sourceTree = "<group>"; };
		19F368F121A0C3D90008FF3E /* DaysDataModel.h */ = {isa = PBXFileReference; lastKnownFileType = sourcecode.c.h; path = DaysDataModel.h; sourceTree = "<group>"; };
		19F368F221A0C3D90008FF3E /* DaysDataModel.m */ = {isa = PBXFileReference; lastKnownFileType = sourcecode.c.objc; path = DaysDataModel.m; sourceTree = "<group>"; };
		19F368F421A0C4190008FF3E /* DosageDataModel.h */ = {isa = PBXFileReference; lastKnownFileType = sourcecode.c.h; path = DosageDataModel.h; sourceTree = "<group>"; };
		19F368F521A0C4190008FF3E /* DosageDataModel.m */ = {isa = PBXFileReference; lastKnownFileType = sourcecode.c.objc; path = DosageDataModel.m; sourceTree = "<group>"; };
		19F368F721A0C4570008FF3E /* Color.h */ = {isa = PBXFileReference; lastKnownFileType = sourcecode.c.h; path = Color.h; sourceTree = "<group>"; };
		19F368F921A0C9400008FF3E /* DosageStorageManager.h */ = {isa = PBXFileReference; lastKnownFileType = sourcecode.c.h; path = DosageStorageManager.h; sourceTree = "<group>"; };
		19F368FA21A0C9400008FF3E /* DosageStorageManager.m */ = {isa = PBXFileReference; lastKnownFileType = sourcecode.c.objc; path = DosageStorageManager.m; sourceTree = "<group>"; };
		19F368FC21A0D8C00008FF3E /* MainTabBarController.h */ = {isa = PBXFileReference; lastKnownFileType = sourcecode.c.h; path = MainTabBarController.h; sourceTree = "<group>"; };
		19F368FD21A0D8C00008FF3E /* MainTabBarController.m */ = {isa = PBXFileReference; lastKnownFileType = sourcecode.c.objc; path = MainTabBarController.m; sourceTree = "<group>"; };
		19F368FE21A0D8C00008FF3E /* MainTabBarController.xib */ = {isa = PBXFileReference; lastKnownFileType = file.xib; path = MainTabBarController.xib; sourceTree = "<group>"; };
		19F3690121A0DBAC0008FF3E /* AppCoordinator.h */ = {isa = PBXFileReference; lastKnownFileType = sourcecode.c.h; path = AppCoordinator.h; sourceTree = "<group>"; };
		19F3690221A0DBAC0008FF3E /* AppCoordinator.m */ = {isa = PBXFileReference; lastKnownFileType = sourcecode.c.objc; path = AppCoordinator.m; sourceTree = "<group>"; };
		19F3690521A16A8A0008FF3E /* TabBarCoordinator.h */ = {isa = PBXFileReference; lastKnownFileType = sourcecode.c.h; path = TabBarCoordinator.h; sourceTree = "<group>"; };
		19F3690621A16A8A0008FF3E /* TabBarCoordinator.m */ = {isa = PBXFileReference; lastKnownFileType = sourcecode.c.objc; path = TabBarCoordinator.m; sourceTree = "<group>"; };
		19F3690821A16AA80008FF3E /* HomeCoordinator.h */ = {isa = PBXFileReference; lastKnownFileType = sourcecode.c.h; path = HomeCoordinator.h; sourceTree = "<group>"; };
		19F3690921A16AA80008FF3E /* HomeCoordinator.m */ = {isa = PBXFileReference; lastKnownFileType = sourcecode.c.objc; path = HomeCoordinator.m; sourceTree = "<group>"; };
		19F3690B21A16AB60008FF3E /* MyVitaminsCoordinator.h */ = {isa = PBXFileReference; lastKnownFileType = sourcecode.c.h; path = MyVitaminsCoordinator.h; sourceTree = "<group>"; };
		19F3690C21A16AB60008FF3E /* MyVitaminsCoordinator.m */ = {isa = PBXFileReference; lastKnownFileType = sourcecode.c.objc; path = MyVitaminsCoordinator.m; sourceTree = "<group>"; };
		19F3690E21A16AD90008FF3E /* Coordinator.h */ = {isa = PBXFileReference; lastKnownFileType = sourcecode.c.h; path = Coordinator.h; sourceTree = "<group>"; };
		19F3690F21A16BD40008FF3E /* StorageManager.h */ = {isa = PBXFileReference; lastKnownFileType = sourcecode.c.h; path = StorageManager.h; sourceTree = "<group>"; };
		19F3691021A16BD40008FF3E /* StorageManager.m */ = {isa = PBXFileReference; lastKnownFileType = sourcecode.c.objc; path = StorageManager.m; sourceTree = "<group>"; };
		19F3691221A1741E0008FF3E /* HomeViewController.h */ = {isa = PBXFileReference; lastKnownFileType = sourcecode.c.h; path = HomeViewController.h; sourceTree = "<group>"; };
		19F3691321A1741E0008FF3E /* HomeViewController.m */ = {isa = PBXFileReference; lastKnownFileType = sourcecode.c.objc; path = HomeViewController.m; sourceTree = "<group>"; };
		19F3691421A1741E0008FF3E /* HomeViewController.xib */ = {isa = PBXFileReference; lastKnownFileType = file.xib; path = HomeViewController.xib; sourceTree = "<group>"; };
		19F3691721A177910008FF3E /* CustomNavigationBar.h */ = {isa = PBXFileReference; lastKnownFileType = sourcecode.c.h; path = CustomNavigationBar.h; sourceTree = "<group>"; };
		19F3691821A177910008FF3E /* CustomNavigationBar.m */ = {isa = PBXFileReference; lastKnownFileType = sourcecode.c.objc; path = CustomNavigationBar.m; sourceTree = "<group>"; };
		19F3691A21A1779B0008FF3E /* CustomNavigationBar.xib */ = {isa = PBXFileReference; lastKnownFileType = file.xib; path = CustomNavigationBar.xib; sourceTree = "<group>"; };
		19F3691C21A19A510008FF3E /* NSUserDefaults+Utils.h */ = {isa = PBXFileReference; lastKnownFileType = sourcecode.c.h; path = "NSUserDefaults+Utils.h"; sourceTree = "<group>"; };
		19F3691D21A19A510008FF3E /* NSUserDefaults+Utils.m */ = {isa = PBXFileReference; lastKnownFileType = sourcecode.c.objc; path = "NSUserDefaults+Utils.m"; sourceTree = "<group>"; };
		19F3692021A19B280008FF3E /* Constants.h */ = {isa = PBXFileReference; lastKnownFileType = sourcecode.c.h; path = Constants.h; sourceTree = "<group>"; };
		19F3692121A19B280008FF3E /* Constants.m */ = {isa = PBXFileReference; lastKnownFileType = sourcecode.c.objc; path = Constants.m; sourceTree = "<group>"; };
		19F3692321A1A00D0008FF3E /* WelcomeViewController.h */ = {isa = PBXFileReference; lastKnownFileType = sourcecode.c.h; path = WelcomeViewController.h; sourceTree = "<group>"; };
		19F3692421A1A00D0008FF3E /* WelcomeViewController.m */ = {isa = PBXFileReference; lastKnownFileType = sourcecode.c.objc; path = WelcomeViewController.m; sourceTree = "<group>"; };
		19F3692521A1A00D0008FF3E /* WelcomeViewController.xib */ = {isa = PBXFileReference; lastKnownFileType = file.xib; path = WelcomeViewController.xib; sourceTree = "<group>"; };
		19F3692821A1B7370008FF3E /* EmptyDataView.h */ = {isa = PBXFileReference; lastKnownFileType = sourcecode.c.h; path = EmptyDataView.h; sourceTree = "<group>"; };
		19F3692921A1B7370008FF3E /* EmptyDataView.m */ = {isa = PBXFileReference; lastKnownFileType = sourcecode.c.objc; path = EmptyDataView.m; sourceTree = "<group>"; };
		19F3692D21A1BA290008FF3E /* EmptyDataView.xib */ = {isa = PBXFileReference; lastKnownFileType = file.xib; path = EmptyDataView.xib; sourceTree = "<group>"; };
		19F3693021A1C6DB0008FF3E /* VitaminStorageManager.h */ = {isa = PBXFileReference; lastKnownFileType = sourcecode.c.h; path = VitaminStorageManager.h; sourceTree = "<group>"; };
		19F3693121A1C6DB0008FF3E /* VitaminStorageManager.m */ = {isa = PBXFileReference; lastKnownFileType = sourcecode.c.objc; path = VitaminStorageManager.m; sourceTree = "<group>"; };
		19F3693721A1C7CC0008FF3E /* ObjectDataModel.h */ = {isa = PBXFileReference; lastKnownFileType = sourcecode.c.h; path = ObjectDataModel.h; sourceTree = "<group>"; };
		19F3693A21A1CF530008FF3E /* DaysStorageManager.h */ = {isa = PBXFileReference; lastKnownFileType = sourcecode.c.h; path = DaysStorageManager.h; sourceTree = "<group>"; };
		19F3693B21A1CF530008FF3E /* DaysStorageManager.m */ = {isa = PBXFileReference; lastKnownFileType = sourcecode.c.objc; path = DaysStorageManager.m; sourceTree = "<group>"; };
		19F3693D21A1D33C0008FF3E /* UserVitaminIntakeStorageManager.h */ = {isa = PBXFileReference; lastKnownFileType = sourcecode.c.h; path = UserVitaminIntakeStorageManager.h; sourceTree = "<group>"; };
		19F3693E21A1D33C0008FF3E /* UserVitaminIntakeStorageManager.m */ = {isa = PBXFileReference; lastKnownFileType = sourcecode.c.objc; path = UserVitaminIntakeStorageManager.m; sourceTree = "<group>"; };
		19F3694021A1D6230008FF3E /* StorageManagerDataSource.h */ = {isa = PBXFileReference; lastKnownFileType = sourcecode.c.h; path = StorageManagerDataSource.h; sourceTree = "<group>"; };
		19F3694121A1D7510008FF3E /* UserVitaminIntakeDataModel.h */ = {isa = PBXFileReference; lastKnownFileType = sourcecode.c.h; path = UserVitaminIntakeDataModel.h; sourceTree = "<group>"; };
		19F3694221A1D7510008FF3E /* UserVitaminIntakeDataModel.m */ = {isa = PBXFileReference; lastKnownFileType = sourcecode.c.objc; path = UserVitaminIntakeDataModel.m; sourceTree = "<group>"; };
		19F3694421A1DD7D0008FF3E /* ObjectDataModel.m */ = {isa = PBXFileReference; lastKnownFileType = sourcecode.c.objc; path = ObjectDataModel.m; sourceTree = "<group>"; };
		19F3694621A1E7D40008FF3E /* UserVitaminIntakeTests.m */ = {isa = PBXFileReference; lastKnownFileType = sourcecode.c.objc; path = UserVitaminIntakeTests.m; sourceTree = "<group>"; };
		19F3694821A1F40D0008FF3E /* DaysTests.m */ = {isa = PBXFileReference; lastKnownFileType = sourcecode.c.objc; path = DaysTests.m; sourceTree = "<group>"; };
/* End PBXFileReference section */

/* Begin PBXFrameworksBuildPhase section */
		19C98B252192043400E8A36F /* Frameworks */ = {
			isa = PBXFrameworksBuildPhase;
			buildActionMask = 2147483647;
			files = (
			);
			runOnlyForDeploymentPostprocessing = 0;
		};
		19C98B402192043600E8A36F /* Frameworks */ = {
			isa = PBXFrameworksBuildPhase;
			buildActionMask = 2147483647;
			files = (
			);
			runOnlyForDeploymentPostprocessing = 0;
		};
		19C98B4B2192043600E8A36F /* Frameworks */ = {
			isa = PBXFrameworksBuildPhase;
			buildActionMask = 2147483647;
			files = (
			);
			runOnlyForDeploymentPostprocessing = 0;
		};
/* End PBXFrameworksBuildPhase section */

/* Begin PBXGroup section */
		19C98B1F2192043400E8A36F = {
			isa = PBXGroup;
			children = (
				19C98B2A2192043400E8A36F /* VitaminReminder */,
				19C98B462192043600E8A36F /* VitaminReminderTests */,
				19C98B512192043600E8A36F /* VitaminReminderUITests */,
				19C98B292192043400E8A36F /* Products */,
			);
			sourceTree = "<group>";
		};
		19C98B292192043400E8A36F /* Products */ = {
			isa = PBXGroup;
			children = (
				19C98B282192043400E8A36F /* VitaminReminder.app */,
				19C98B432192043600E8A36F /* VitaminReminderTests.xctest */,
				19C98B4E2192043600E8A36F /* VitaminReminderUITests.xctest */,
			);
			name = Products;
			sourceTree = "<group>";
		};
		19C98B2A2192043400E8A36F /* VitaminReminder */ = {
			isa = PBXGroup;
			children = (
				19F3691F21A19B180008FF3E /* SupportingFiles */,
				19F3690421A16A760008FF3E /* Coordinators */,
				19C98B9A21923AC600E8A36F /* Helpers */,
				19C98B8C2192297300E8A36F /* Models */,
				19C98B7621921DCA00E8A36F /* CoreData */,
				19C98B6F2192170500E8A36F /* Extensions */,
				19C98B63219206AD00E8A36F /* Resources */,
				19C98B622192046600E8A36F /* Controllers */,
				19C98B612192045B00E8A36F /* Views */,
				19C98B2B2192043400E8A36F /* AppDelegate.h */,
				19C98B2C2192043400E8A36F /* AppDelegate.m */,
				19C98B312192043400E8A36F /* Main.storyboard */,
				19C98B372192043500E8A36F /* Assets.xcassets */,
				19C98B392192043500E8A36F /* LaunchScreen.storyboard */,
				19C98B3C2192043500E8A36F /* Info.plist */,
				19C98B3D2192043500E8A36F /* main.m */,
			);
			path = VitaminReminder;
			sourceTree = "<group>";
		};
		19C98B462192043600E8A36F /* VitaminReminderTests */ = {
			isa = PBXGroup;
			children = (
				19F3694A21A1FAFE0008FF3E /* CoreDataTests */,
				19C98B472192043600E8A36F /* VitaminReminderTests.m */,
				19C98B492192043600E8A36F /* Info.plist */,
				19F368EB21A0C1A30008FF3E /* MockPersistentContainer.h */,
				19F368EC21A0C1A30008FF3E /* MockPersistentContainer.m */,
			);
			path = VitaminReminderTests;
			sourceTree = "<group>";
		};
		19C98B512192043600E8A36F /* VitaminReminderUITests */ = {
			isa = PBXGroup;
			children = (
				19C98B522192043600E8A36F /* VitaminReminderUITests.m */,
				19C98B542192043600E8A36F /* Info.plist */,
			);
			path = VitaminReminderUITests;
			sourceTree = "<group>";
		};
		19C98B612192045B00E8A36F /* Views */ = {
			isa = PBXGroup;
			children = (
				19C98B662192088200E8A36F /* VitaminIntakeTableViewCell.h */,
				19C98B672192088200E8A36F /* VitaminIntakeTableViewCell.m */,
				19C98B682192088200E8A36F /* VitaminIntakeTableViewCell.xib */,
				19C98BB121925A2000E8A36F /* VitaminTableViewCell.h */,
				19C98BB221925A2000E8A36F /* VitaminTableViewCell.m */,
				19C98BB321925A2000E8A36F /* VitaminTableViewCell.xib */,
				19C98BC12193890B00E8A36F /* DosageCollectionViewCell.h */,
				19C98BC22193890B00E8A36F /* DosageCollectionViewCell.m */,
				19C98BC32193890B00E8A36F /* DosageCollectionViewCell.xib */,
				19F3691721A177910008FF3E /* CustomNavigationBar.h */,
				19F3691821A177910008FF3E /* CustomNavigationBar.m */,
				19F3691A21A1779B0008FF3E /* CustomNavigationBar.xib */,
				19F3692821A1B7370008FF3E /* EmptyDataView.h */,
				19F3692921A1B7370008FF3E /* EmptyDataView.m */,
				19F3692D21A1BA290008FF3E /* EmptyDataView.xib */,
			);
			path = Views;
			sourceTree = "<group>";
		};
		19C98B622192046600E8A36F /* Controllers */ = {
			isa = PBXGroup;
			children = (
				19C98B2E2192043400E8A36F /* MainViewController.h */,
				19C98B2F2192043400E8A36F /* MainViewController.m */,
				19C98B73219217CE00E8A36F /* VitaminIntakeTableVC.h */,
				19C98B74219217CE00E8A36F /* VitaminIntakeTableVC.m */,
				19C98BA92192566E00E8A36F /* AllVitaminsTableVC.h */,
				19C98BAA2192566E00E8A36F /* AllVitaminsTableVC.m */,
				19C98BAC219256C300E8A36F /* VitaminsViewController.h */,
				19C98BAD219256C300E8A36F /* VitaminsViewController.m */,
				19C98BAE219256C300E8A36F /* VitaminsViewController.xib */,
				19C98BB6219379A000E8A36F /* AddOrEditVitaminViewController.h */,
				19C98BB7219379A000E8A36F /* AddOrEditVitaminViewController.m */,
				19C98BB8219379A000E8A36F /* AddOrEditVitaminViewController.xib */,
				19C98BBE2193887700E8A36F /* DosageCollectionViewController.h */,
				19C98BBF2193887700E8A36F /* DosageCollectionViewController.m */,
				19C98BC82193915D00E8A36F /* DosageCollectionViewController.xib */,
				19C98BCB219414AF00E8A36F /* DosageViewController.h */,
				19C98BCC219414AF00E8A36F /* DosageViewController.m */,
				19C98BCD219414AF00E8A36F /* DosageViewController.xib */,
				19F368FC21A0D8C00008FF3E /* MainTabBarController.h */,
				19F368FD21A0D8C00008FF3E /* MainTabBarController.m */,
				19F368FE21A0D8C00008FF3E /* MainTabBarController.xib */,
				19F3691221A1741E0008FF3E /* HomeViewController.h */,
				19F3691321A1741E0008FF3E /* HomeViewController.m */,
				19F3691421A1741E0008FF3E /* HomeViewController.xib */,
				19F3692321A1A00D0008FF3E /* WelcomeViewController.h */,
				19F3692421A1A00D0008FF3E /* WelcomeViewController.m */,
				19F3692521A1A00D0008FF3E /* WelcomeViewController.xib */,
			);
			path = Controllers;
			sourceTree = "<group>";
		};
		19C98B63219206AD00E8A36F /* Resources */ = {
			isa = PBXGroup;
			children = (
				19C98B64219206D700E8A36F /* proximanova-bold.otf */,
				19C98B6B2192149C00E8A36F /* proximanova-medium.otf */,
				19C98B6D219214C400E8A36F /* proximanova-light.otf */,
			);
			path = Resources;
			sourceTree = "<group>";
		};
		19C98B6F2192170500E8A36F /* Extensions */ = {
			isa = PBXGroup;
			children = (
				19C98B702192171800E8A36F /* UIView+Utils.h */,
				19C98B712192171800E8A36F /* UIView+Utils.m */,
				19C98B89219228C600E8A36F /* NSManagedObject+Extensions.h */,
				19C98B8A219228C600E8A36F /* NSManagedObject+Extensions.m */,
				19C98B9021922F2300E8A36F /* NSLayoutConstraint+Utils.h */,
				19C98B9121922F2300E8A36F /* NSLayoutConstraint+Utils.m */,
				19C98B93219232A600E8A36F /* UIViewController+Utils.h */,
				19C98B94219232A600E8A36F /* UIViewController+Utils.m */,
				19C98B9E21923D1A00E8A36F /* NSDate+Utils.h */,
				19C98B9F21923D1A00E8A36F /* NSDate+Utils.m */,
				19C98BBB2193841100E8A36F /* UIColor+Utils.h */,
				19C98BBC2193841100E8A36F /* UIColor+Utils.m */,
				19F3691C21A19A510008FF3E /* NSUserDefaults+Utils.h */,
				19F3691D21A19A510008FF3E /* NSUserDefaults+Utils.m */,
			);
			path = Extensions;
			sourceTree = "<group>";
		};
		19C98B7621921DCA00E8A36F /* CoreData */ = {
			isa = PBXGroup;
			children = (
				19F3692F21A1C6A60008FF3E /* StoreManagers */,
				19C98B8D2192298D00E8A36F /* CoreDataStack.h */,
				19C98B8E2192298D00E8A36F /* CoreDataStack.m */,
				19F368AD21A09EBF0008FF3E /* CoreDataModels */,
				19C98B342192043400E8A36F /* VitaminReminder.xcdatamodeld */,
				19C98B992192388D00E8A36F /* Managed.h */,
				19F368D621A0A7F10008FF3E /* DosageDataSource.h */,
				19F368D721A0A7F10008FF3E /* DosageDataSource.m */,
				19F368D921A0A8650008FF3E /* ManagedObjectDataSource.h */,
				19F368DC21A0AE0D0008FF3E /* ManagedObject.h */,
				19F368DD21A0AE0D0008FF3E /* ManagedObject.m */,
				19F3693721A1C7CC0008FF3E /* ObjectDataModel.h */,
				19F3694421A1DD7D0008FF3E /* ObjectDataModel.m */,
			);
			path = CoreData;
			sourceTree = "<group>";
		};
		19C98B8C2192297300E8A36F /* Models */ = {
			isa = PBXGroup;
			children = (
				19C98BA121923F9300E8A36F /* VitaminIntakeCellModel.h */,
				19C98BA221923F9300E8A36F /* VitaminIntakeCellModel.m */,
				19F368EE21A0C33E0008FF3E /* VitaminDataModel.h */,
				19F368EF21A0C33E0008FF3E /* VitaminDataModel.m */,
				19F368F121A0C3D90008FF3E /* DaysDataModel.h */,
				19F368F221A0C3D90008FF3E /* DaysDataModel.m */,
				19F368F421A0C4190008FF3E /* DosageDataModel.h */,
				19F368F521A0C4190008FF3E /* DosageDataModel.m */,
				19F368F721A0C4570008FF3E /* Color.h */,
				19F3694121A1D7510008FF3E /* UserVitaminIntakeDataModel.h */,
				19F3694221A1D7510008FF3E /* UserVitaminIntakeDataModel.m */,
			);
			path = Models;
			sourceTree = "<group>";
		};
		19C98B9A21923AC600E8A36F /* Helpers */ = {
			isa = PBXGroup;
			children = (
				19C98B9B21923AEB00E8A36F /* VitaminListGenerator.h */,
				19C98B9C21923AEB00E8A36F /* VitaminListGenerator.m */,
			);
			path = Helpers;
			sourceTree = "<group>";
		};
		19F368AD21A09EBF0008FF3E /* CoreDataModels */ = {
			isa = PBXGroup;
			children = (
				19F368BA21A09EE70008FF3E /* Dosage.h */,
				19F368BD21A09EE70008FF3E /* Dosage.m */,
				19F368B621A09EE70008FF3E /* UserVitaminIntake.h */,
				19F368B921A09EE70008FF3E /* UserVitaminIntake.m */,
				19F368B221A09EE70008FF3E /* Days.h */,
				19F368B521A09EE70008FF3E /* Days.m */,
				19F368AE21A09EE70008FF3E /* Vitamin.h */,
				19F368B121A09EE70008FF3E /* Vitamin.m */,
				19C98B7A2192277A00E8A36F /* VitaminIntake.h */,
				19C98B7B2192277A00E8A36F /* VitaminIntake.m */,
			);
			path = CoreDataModels;
			sourceTree = "<group>";
		};
		19F3690421A16A760008FF3E /* Coordinators */ = {
			isa = PBXGroup;
			children = (
				19F3690121A0DBAC0008FF3E /* AppCoordinator.h */,
				19F3690221A0DBAC0008FF3E /* AppCoordinator.m */,
				19F3690521A16A8A0008FF3E /* TabBarCoordinator.h */,
				19F3690621A16A8A0008FF3E /* TabBarCoordinator.m */,
				19F3690821A16AA80008FF3E /* HomeCoordinator.h */,
				19F3690921A16AA80008FF3E /* HomeCoordinator.m */,
				19F3690B21A16AB60008FF3E /* MyVitaminsCoordinator.h */,
				19F3690C21A16AB60008FF3E /* MyVitaminsCoordinator.m */,
				19F3690E21A16AD90008FF3E /* Coordinator.h */,
			);
			path = Coordinators;
			sourceTree = "<group>";
		};
		19F3691F21A19B180008FF3E /* SupportingFiles */ = {
			isa = PBXGroup;
			children = (
				19F3692021A19B280008FF3E /* Constants.h */,
				19F3692121A19B280008FF3E /* Constants.m */,
			);
			path = SupportingFiles;
			sourceTree = "<group>";
		};
		19F3692F21A1C6A60008FF3E /* StoreManagers */ = {
			isa = PBXGroup;
			children = (
				19F368F921A0C9400008FF3E /* DosageStorageManager.h */,
				19F368FA21A0C9400008FF3E /* DosageStorageManager.m */,
				19F3690F21A16BD40008FF3E /* StorageManager.h */,
				19F3691021A16BD40008FF3E /* StorageManager.m */,
				19F3693021A1C6DB0008FF3E /* VitaminStorageManager.h */,
				19F3693121A1C6DB0008FF3E /* VitaminStorageManager.m */,
				19F3693A21A1CF530008FF3E /* DaysStorageManager.h */,
				19F3693B21A1CF530008FF3E /* DaysStorageManager.m */,
				19F3693D21A1D33C0008FF3E /* UserVitaminIntakeStorageManager.h */,
				19F3693E21A1D33C0008FF3E /* UserVitaminIntakeStorageManager.m */,
				19F3694021A1D6230008FF3E /* StorageManagerDataSource.h */,
			);
			path = StoreManagers;
			sourceTree = "<group>";
		};
		19F3694A21A1FAFE0008FF3E /* CoreDataTests */ = {
			isa = PBXGroup;
			children = (
				19F368D321A0A4620008FF3E /* VitaminTests.m */,
				19F368DA21A0AB850008FF3E /* DosageTests.m */,
				19F3694621A1E7D40008FF3E /* UserVitaminIntakeTests.m */,
				19F3694821A1F40D0008FF3E /* DaysTests.m */,
			);
			path = CoreDataTests;
			sourceTree = "<group>";
		};
/* End PBXGroup section */

/* Begin PBXNativeTarget section */
		19C98B272192043400E8A36F /* VitaminReminder */ = {
			isa = PBXNativeTarget;
			buildConfigurationList = 19C98B572192043600E8A36F /* Build configuration list for PBXNativeTarget "VitaminReminder" */;
			buildPhases = (
				19C98B242192043400E8A36F /* Sources */,
				19C98B252192043400E8A36F /* Frameworks */,
				19C98B262192043400E8A36F /* Resources */,
			);
			buildRules = (
			);
			dependencies = (
			);
			name = VitaminReminder;
			productName = VitaminReminder;
			productReference = 19C98B282192043400E8A36F /* VitaminReminder.app */;
			productType = "com.apple.product-type.application";
		};
		19C98B422192043600E8A36F /* VitaminReminderTests */ = {
			isa = PBXNativeTarget;
			buildConfigurationList = 19C98B5A2192043600E8A36F /* Build configuration list for PBXNativeTarget "VitaminReminderTests" */;
			buildPhases = (
				19C98B3F2192043600E8A36F /* Sources */,
				19C98B402192043600E8A36F /* Frameworks */,
				19C98B412192043600E8A36F /* Resources */,
			);
			buildRules = (
			);
			dependencies = (
				19C98B452192043600E8A36F /* PBXTargetDependency */,
			);
			name = VitaminReminderTests;
			productName = VitaminReminderTests;
			productReference = 19C98B432192043600E8A36F /* VitaminReminderTests.xctest */;
			productType = "com.apple.product-type.bundle.unit-test";
		};
		19C98B4D2192043600E8A36F /* VitaminReminderUITests */ = {
			isa = PBXNativeTarget;
			buildConfigurationList = 19C98B5D2192043600E8A36F /* Build configuration list for PBXNativeTarget "VitaminReminderUITests" */;
			buildPhases = (
				19C98B4A2192043600E8A36F /* Sources */,
				19C98B4B2192043600E8A36F /* Frameworks */,
				19C98B4C2192043600E8A36F /* Resources */,
			);
			buildRules = (
			);
			dependencies = (
				19C98B502192043600E8A36F /* PBXTargetDependency */,
			);
			name = VitaminReminderUITests;
			productName = VitaminReminderUITests;
			productReference = 19C98B4E2192043600E8A36F /* VitaminReminderUITests.xctest */;
			productType = "com.apple.product-type.bundle.ui-testing";
		};
/* End PBXNativeTarget section */

/* Begin PBXProject section */
		19C98B202192043400E8A36F /* Project object */ = {
			isa = PBXProject;
			attributes = {
				LastUpgradeCheck = 1000;
				ORGANIZATIONNAME = "Faris Halteh";
				TargetAttributes = {
					19C98B272192043400E8A36F = {
						CreatedOnToolsVersion = 10.0;
					};
					19C98B422192043600E8A36F = {
						CreatedOnToolsVersion = 10.0;
						TestTargetID = 19C98B272192043400E8A36F;
					};
					19C98B4D2192043600E8A36F = {
						CreatedOnToolsVersion = 10.0;
						TestTargetID = 19C98B272192043400E8A36F;
					};
				};
			};
			buildConfigurationList = 19C98B232192043400E8A36F /* Build configuration list for PBXProject "VitaminReminder" */;
			compatibilityVersion = "Xcode 9.3";
			developmentRegion = en;
			hasScannedForEncodings = 0;
			knownRegions = (
				en,
				Base,
			);
			mainGroup = 19C98B1F2192043400E8A36F;
			productRefGroup = 19C98B292192043400E8A36F /* Products */;
			projectDirPath = "";
			projectRoot = "";
			targets = (
				19C98B272192043400E8A36F /* VitaminReminder */,
				19C98B422192043600E8A36F /* VitaminReminderTests */,
				19C98B4D2192043600E8A36F /* VitaminReminderUITests */,
			);
		};
/* End PBXProject section */

/* Begin PBXResourcesBuildPhase section */
		19C98B262192043400E8A36F /* Resources */ = {
			isa = PBXResourcesBuildPhase;
			buildActionMask = 2147483647;
			files = (
				19C98BCA2193915D00E8A36F /* DosageCollectionViewController.xib in Resources */,
				19C98B3B2192043500E8A36F /* LaunchScreen.storyboard in Resources */,
				19C98B65219206D700E8A36F /* proximanova-bold.otf in Resources */,
				19C98BCF219414AF00E8A36F /* DosageViewController.xib in Resources */,
				19C98BB521925A2000E8A36F /* VitaminTableViewCell.xib in Resources */,
				19C98B6E219214C400E8A36F /* proximanova-light.otf in Resources */,
				19C98B382192043500E8A36F /* Assets.xcassets in Resources */,
				19C98B6C2192149C00E8A36F /* proximanova-medium.otf in Resources */,
				19C98B332192043400E8A36F /* Main.storyboard in Resources */,
				19F3690021A0D8C00008FF3E /* MainTabBarController.xib in Resources */,
				19F3691B21A1779B0008FF3E /* CustomNavigationBar.xib in Resources */,
				19F3692721A1A00D0008FF3E /* WelcomeViewController.xib in Resources */,
				19C98BC52193890B00E8A36F /* DosageCollectionViewCell.xib in Resources */,
				19C98BB0219256C300E8A36F /* VitaminsViewController.xib in Resources */,
				19F3692E21A1BA290008FF3E /* EmptyDataView.xib in Resources */,
				19C98BBA219379A000E8A36F /* AddOrEditVitaminViewController.xib in Resources */,
				19C98B6A2192088200E8A36F /* VitaminIntakeTableViewCell.xib in Resources */,
				19F3691621A1741E0008FF3E /* HomeViewController.xib in Resources */,
			);
			runOnlyForDeploymentPostprocessing = 0;
		};
		19C98B412192043600E8A36F /* Resources */ = {
			isa = PBXResourcesBuildPhase;
			buildActionMask = 2147483647;
			files = (
			);
			runOnlyForDeploymentPostprocessing = 0;
		};
		19C98B4C2192043600E8A36F /* Resources */ = {
			isa = PBXResourcesBuildPhase;
			buildActionMask = 2147483647;
			files = (
			);
			runOnlyForDeploymentPostprocessing = 0;
		};
/* End PBXResourcesBuildPhase section */

/* Begin PBXSourcesBuildPhase section */
		19C98B242192043400E8A36F /* Sources */ = {
			isa = PBXSourcesBuildPhase;
			buildActionMask = 2147483647;
			files = (
				19C98BA321923F9300E8A36F /* VitaminIntakeCellModel.m in Sources */,
				19F3694321A1D7510008FF3E /* UserVitaminIntakeDataModel.m in Sources */,
				19C98B722192171800E8A36F /* UIView+Utils.m in Sources */,
				19F368FF21A0D8C00008FF3E /* MainTabBarController.m in Sources */,
				19F3690A21A16AA80008FF3E /* HomeCoordinator.m in Sources */,
				19C98B302192043400E8A36F /* MainViewController.m in Sources */,
				19F3691521A1741E0008FF3E /* HomeViewController.m in Sources */,
				19F368F821A0C4570008FF3E /* Color.h in Sources */,
				19C98BC42193890B00E8A36F /* DosageCollectionViewCell.m in Sources */,
				19F3690D21A16AB60008FF3E /* MyVitaminsCoordinator.m in Sources */,
				19C98B95219232A600E8A36F /* UIViewController+Utils.m in Sources */,
				19C98B362192043400E8A36F /* VitaminReminder.xcdatamodeld in Sources */,
				19F368F321A0C3D90008FF3E /* DaysDataModel.m in Sources */,
				19F3693C21A1CF530008FF3E /* DaysStorageManager.m in Sources */,
				19F368C521A09EE70008FF3E /* Dosage.m in Sources */,
				19C98BAF219256C300E8A36F /* VitaminsViewController.m in Sources */,
				19F368FB21A0C9400008FF3E /* DosageStorageManager.m in Sources */,
				19F3690321A0DBAC0008FF3E /* AppCoordinator.m in Sources */,
				19C98BA021923D1A00E8A36F /* NSDate+Utils.m in Sources */,
				19F3690721A16A8A0008FF3E /* TabBarCoordinator.m in Sources */,
				19F368BF21A09EE70008FF3E /* Vitamin.m in Sources */,
				19F3693221A1C6DB0008FF3E /* VitaminStorageManager.m in Sources */,
				19C98B3E2192043500E8A36F /* main.m in Sources */,
				19F368F021A0C33E0008FF3E /* VitaminDataModel.m in Sources */,
				19F368F621A0C4190008FF3E /* DosageDataModel.m in Sources */,
				19C98BBD2193841100E8A36F /* UIColor+Utils.m in Sources */,
				19F368C321A09EE70008FF3E /* UserVitaminIntake.m in Sources */,
				19F368DE21A0AE0D0008FF3E /* ManagedObject.m in Sources */,
				19F3692A21A1B7370008FF3E /* EmptyDataView.m in Sources */,
				19F3691121A16BD40008FF3E /* StorageManager.m in Sources */,
				19F368C121A09EE70008FF3E /* Days.m in Sources */,
				19F368D821A0A7F10008FF3E /* DosageDataSource.m in Sources */,
				19F3692621A1A00D0008FF3E /* WelcomeViewController.m in Sources */,
				19C98B8F2192298D00E8A36F /* CoreDataStack.m in Sources */,
				19F3691921A177910008FF3E /* CustomNavigationBar.m in Sources */,
				19C98B692192088200E8A36F /* VitaminIntakeTableViewCell.m in Sources */,
				19C98BB9219379A000E8A36F /* AddOrEditVitaminViewController.m in Sources */,
				19C98B2D2192043400E8A36F /* AppDelegate.m in Sources */,
				19C98B9D21923AEB00E8A36F /* VitaminListGenerator.m in Sources */,
				19F3692221A19B280008FF3E /* Constants.m in Sources */,
				19C98BAB2192566E00E8A36F /* AllVitaminsTableVC.m in Sources */,
				19C98BC02193887700E8A36F /* DosageCollectionViewController.m in Sources */,
				19C98B8B219228C600E8A36F /* NSManagedObject+Extensions.m in Sources */,
				19C98BCE219414AF00E8A36F /* DosageViewController.m in Sources */,
				19C98B9221922F2300E8A36F /* NSLayoutConstraint+Utils.m in Sources */,
				19C98B7C2192277A00E8A36F /* VitaminIntake.m in Sources */,
				19F3691E21A19A510008FF3E /* NSUserDefaults+Utils.m in Sources */,
				19F3693F21A1D33C0008FF3E /* UserVitaminIntakeStorageManager.m in Sources */,
				19C98B75219217CE00E8A36F /* VitaminIntakeTableVC.m in Sources */,
				19F3694521A1DD7D0008FF3E /* ObjectDataModel.m in Sources */,
				19C98BB421925A2000E8A36F /* VitaminTableViewCell.m in Sources */,
			);
			runOnlyForDeploymentPostprocessing = 0;
		};
		19C98B3F2192043600E8A36F /* Sources */ = {
			isa = PBXSourcesBuildPhase;
			buildActionMask = 2147483647;
			files = (
				19F368D421A0A4620008FF3E /* VitaminTests.m in Sources */,
				19C98B482192043600E8A36F /* VitaminReminderTests.m in Sources */,
				19F368DB21A0AB850008FF3E /* DosageTests.m in Sources */,
				19F368D521A0A5060008FF3E /* CoreDataStack.m in Sources */,
				19F368ED21A0C1A30008FF3E /* MockPersistentContainer.m in Sources */,
				19F3694721A1E7D40008FF3E /* UserVitaminIntakeTests.m in Sources */,
				19F3694921A1F40D0008FF3E /* DaysTests.m in Sources */,
			);
			runOnlyForDeploymentPostprocessing = 0;
		};
		19C98B4A2192043600E8A36F /* Sources */ = {
			isa = PBXSourcesBuildPhase;
			buildActionMask = 2147483647;
			files = (
				19C98B532192043600E8A36F /* VitaminReminderUITests.m in Sources */,
			);
			runOnlyForDeploymentPostprocessing = 0;
		};
/* End PBXSourcesBuildPhase section */

/* Begin PBXTargetDependency section */
		19C98B452192043600E8A36F /* PBXTargetDependency */ = {
			isa = PBXTargetDependency;
			target = 19C98B272192043400E8A36F /* VitaminReminder */;
			targetProxy = 19C98B442192043600E8A36F /* PBXContainerItemProxy */;
		};
		19C98B502192043600E8A36F /* PBXTargetDependency */ = {
			isa = PBXTargetDependency;
			target = 19C98B272192043400E8A36F /* VitaminReminder */;
			targetProxy = 19C98B4F2192043600E8A36F /* PBXContainerItemProxy */;
		};
/* End PBXTargetDependency section */

/* Begin PBXVariantGroup section */
		19C98B312192043400E8A36F /* Main.storyboard */ = {
			isa = PBXVariantGroup;
			children = (
				19C98B322192043400E8A36F /* Base */,
			);
			name = Main.storyboard;
			sourceTree = "<group>";
		};
		19C98B392192043500E8A36F /* LaunchScreen.storyboard */ = {
			isa = PBXVariantGroup;
			children = (
				19C98B3A2192043500E8A36F /* Base */,
			);
			name = LaunchScreen.storyboard;
			sourceTree = "<group>";
		};
/* End PBXVariantGroup section */

/* Begin XCBuildConfiguration section */
		19C98B552192043600E8A36F /* Debug */ = {
			isa = XCBuildConfiguration;
			buildSettings = {
				ALWAYS_SEARCH_USER_PATHS = NO;
				CLANG_ANALYZER_NONNULL = YES;
				CLANG_ANALYZER_NUMBER_OBJECT_CONVERSION = YES_AGGRESSIVE;
				CLANG_CXX_LANGUAGE_STANDARD = "gnu++14";
				CLANG_CXX_LIBRARY = "libc++";
				CLANG_ENABLE_MODULES = YES;
				CLANG_ENABLE_OBJC_ARC = YES;
				CLANG_ENABLE_OBJC_WEAK = YES;
				CLANG_WARN_BLOCK_CAPTURE_AUTORELEASING = YES;
				CLANG_WARN_BOOL_CONVERSION = YES;
				CLANG_WARN_COMMA = YES;
				CLANG_WARN_CONSTANT_CONVERSION = YES;
				CLANG_WARN_DEPRECATED_OBJC_IMPLEMENTATIONS = YES;
				CLANG_WARN_DIRECT_OBJC_ISA_USAGE = YES_ERROR;
				CLANG_WARN_DOCUMENTATION_COMMENTS = YES;
				CLANG_WARN_EMPTY_BODY = YES;
				CLANG_WARN_ENUM_CONVERSION = YES;
				CLANG_WARN_INFINITE_RECURSION = YES;
				CLANG_WARN_INT_CONVERSION = YES;
				CLANG_WARN_NON_LITERAL_NULL_CONVERSION = YES;
				CLANG_WARN_OBJC_IMPLICIT_RETAIN_SELF = YES;
				CLANG_WARN_OBJC_LITERAL_CONVERSION = YES;
				CLANG_WARN_OBJC_ROOT_CLASS = YES_ERROR;
				CLANG_WARN_RANGE_LOOP_ANALYSIS = YES;
				CLANG_WARN_STRICT_PROTOTYPES = YES;
				CLANG_WARN_SUSPICIOUS_MOVE = YES;
				CLANG_WARN_UNGUARDED_AVAILABILITY = YES_AGGRESSIVE;
				CLANG_WARN_UNREACHABLE_CODE = YES;
				CLANG_WARN__DUPLICATE_METHOD_MATCH = YES;
				CODE_SIGN_IDENTITY = "iPhone Developer";
				COPY_PHASE_STRIP = NO;
				DEBUG_INFORMATION_FORMAT = dwarf;
				ENABLE_STRICT_OBJC_MSGSEND = YES;
				ENABLE_TESTABILITY = YES;
				GCC_C_LANGUAGE_STANDARD = gnu11;
				GCC_DYNAMIC_NO_PIC = NO;
				GCC_NO_COMMON_BLOCKS = YES;
				GCC_OPTIMIZATION_LEVEL = 0;
				GCC_PREPROCESSOR_DEFINITIONS = (
					"DEBUG=1",
					"$(inherited)",
				);
				GCC_WARN_64_TO_32_BIT_CONVERSION = YES;
				GCC_WARN_ABOUT_RETURN_TYPE = YES_ERROR;
				GCC_WARN_UNDECLARED_SELECTOR = YES;
				GCC_WARN_UNINITIALIZED_AUTOS = YES_AGGRESSIVE;
				GCC_WARN_UNUSED_FUNCTION = YES;
				GCC_WARN_UNUSED_VARIABLE = YES;
				IPHONEOS_DEPLOYMENT_TARGET = 12.0;
				MTL_ENABLE_DEBUG_INFO = INCLUDE_SOURCE;
				MTL_FAST_MATH = YES;
				ONLY_ACTIVE_ARCH = YES;
				SDKROOT = iphoneos;
			};
			name = Debug;
		};
		19C98B562192043600E8A36F /* Release */ = {
			isa = XCBuildConfiguration;
			buildSettings = {
				ALWAYS_SEARCH_USER_PATHS = NO;
				CLANG_ANALYZER_NONNULL = YES;
				CLANG_ANALYZER_NUMBER_OBJECT_CONVERSION = YES_AGGRESSIVE;
				CLANG_CXX_LANGUAGE_STANDARD = "gnu++14";
				CLANG_CXX_LIBRARY = "libc++";
				CLANG_ENABLE_MODULES = YES;
				CLANG_ENABLE_OBJC_ARC = YES;
				CLANG_ENABLE_OBJC_WEAK = YES;
				CLANG_WARN_BLOCK_CAPTURE_AUTORELEASING = YES;
				CLANG_WARN_BOOL_CONVERSION = YES;
				CLANG_WARN_COMMA = YES;
				CLANG_WARN_CONSTANT_CONVERSION = YES;
				CLANG_WARN_DEPRECATED_OBJC_IMPLEMENTATIONS = YES;
				CLANG_WARN_DIRECT_OBJC_ISA_USAGE = YES_ERROR;
				CLANG_WARN_DOCUMENTATION_COMMENTS = YES;
				CLANG_WARN_EMPTY_BODY = YES;
				CLANG_WARN_ENUM_CONVERSION = YES;
				CLANG_WARN_INFINITE_RECURSION = YES;
				CLANG_WARN_INT_CONVERSION = YES;
				CLANG_WARN_NON_LITERAL_NULL_CONVERSION = YES;
				CLANG_WARN_OBJC_IMPLICIT_RETAIN_SELF = YES;
				CLANG_WARN_OBJC_LITERAL_CONVERSION = YES;
				CLANG_WARN_OBJC_ROOT_CLASS = YES_ERROR;
				CLANG_WARN_RANGE_LOOP_ANALYSIS = YES;
				CLANG_WARN_STRICT_PROTOTYPES = YES;
				CLANG_WARN_SUSPICIOUS_MOVE = YES;
				CLANG_WARN_UNGUARDED_AVAILABILITY = YES_AGGRESSIVE;
				CLANG_WARN_UNREACHABLE_CODE = YES;
				CLANG_WARN__DUPLICATE_METHOD_MATCH = YES;
				CODE_SIGN_IDENTITY = "iPhone Developer";
				COPY_PHASE_STRIP = NO;
				DEBUG_INFORMATION_FORMAT = "dwarf-with-dsym";
				ENABLE_NS_ASSERTIONS = NO;
				ENABLE_STRICT_OBJC_MSGSEND = YES;
				GCC_C_LANGUAGE_STANDARD = gnu11;
				GCC_NO_COMMON_BLOCKS = YES;
				GCC_WARN_64_TO_32_BIT_CONVERSION = YES;
				GCC_WARN_ABOUT_RETURN_TYPE = YES_ERROR;
				GCC_WARN_UNDECLARED_SELECTOR = YES;
				GCC_WARN_UNINITIALIZED_AUTOS = YES_AGGRESSIVE;
				GCC_WARN_UNUSED_FUNCTION = YES;
				GCC_WARN_UNUSED_VARIABLE = YES;
				IPHONEOS_DEPLOYMENT_TARGET = 12.0;
				MTL_ENABLE_DEBUG_INFO = NO;
				MTL_FAST_MATH = YES;
				SDKROOT = iphoneos;
				VALIDATE_PRODUCT = YES;
			};
			name = Release;
		};
		19C98B582192043600E8A36F /* Debug */ = {
			isa = XCBuildConfiguration;
			buildSettings = {
				ASSETCATALOG_COMPILER_APPICON_NAME = AppIcon;
				CODE_SIGN_STYLE = Automatic;
				INFOPLIST_FILE = VitaminReminder/Info.plist;
				LD_RUNPATH_SEARCH_PATHS = (
					"$(inherited)",
					"@executable_path/Frameworks",
				);
				PRODUCT_BUNDLE_IDENTIFIER = com.farishalteh.VitaminReminder;
				PRODUCT_NAME = "$(TARGET_NAME)";
				TARGETED_DEVICE_FAMILY = "1,2";
			};
			name = Debug;
		};
		19C98B592192043600E8A36F /* Release */ = {
			isa = XCBuildConfiguration;
			buildSettings = {
				ASSETCATALOG_COMPILER_APPICON_NAME = AppIcon;
				CODE_SIGN_STYLE = Automatic;
				INFOPLIST_FILE = VitaminReminder/Info.plist;
				LD_RUNPATH_SEARCH_PATHS = (
					"$(inherited)",
					"@executable_path/Frameworks",
				);
				PRODUCT_BUNDLE_IDENTIFIER = com.farishalteh.VitaminReminder;
				PRODUCT_NAME = "$(TARGET_NAME)";
				TARGETED_DEVICE_FAMILY = "1,2";
			};
			name = Release;
		};
		19C98B5B2192043600E8A36F /* Debug */ = {
			isa = XCBuildConfiguration;
			buildSettings = {
				BUNDLE_LOADER = "$(TEST_HOST)";
				CODE_SIGN_STYLE = Automatic;
				INFOPLIST_FILE = VitaminReminderTests/Info.plist;
				LD_RUNPATH_SEARCH_PATHS = (
					"$(inherited)",
					"@executable_path/Frameworks",
					"@loader_path/Frameworks",
				);
				PRODUCT_BUNDLE_IDENTIFIER = com.farishalteh.VitaminReminderTests;
				PRODUCT_NAME = "$(TARGET_NAME)";
				TARGETED_DEVICE_FAMILY = "1,2";
				TEST_HOST = "$(BUILT_PRODUCTS_DIR)/VitaminReminder.app/VitaminReminder";
			};
			name = Debug;
		};
		19C98B5C2192043600E8A36F /* Release */ = {
			isa = XCBuildConfiguration;
			buildSettings = {
				BUNDLE_LOADER = "$(TEST_HOST)";
				CODE_SIGN_STYLE = Automatic;
				INFOPLIST_FILE = VitaminReminderTests/Info.plist;
				LD_RUNPATH_SEARCH_PATHS = (
					"$(inherited)",
					"@executable_path/Frameworks",
					"@loader_path/Frameworks",
				);
				PRODUCT_BUNDLE_IDENTIFIER = com.farishalteh.VitaminReminderTests;
				PRODUCT_NAME = "$(TARGET_NAME)";
				TARGETED_DEVICE_FAMILY = "1,2";
				TEST_HOST = "$(BUILT_PRODUCTS_DIR)/VitaminReminder.app/VitaminReminder";
			};
			name = Release;
		};
		19C98B5E2192043600E8A36F /* Debug */ = {
			isa = XCBuildConfiguration;
			buildSettings = {
				CODE_SIGN_STYLE = Automatic;
				INFOPLIST_FILE = VitaminReminderUITests/Info.plist;
				LD_RUNPATH_SEARCH_PATHS = (
					"$(inherited)",
					"@executable_path/Frameworks",
					"@loader_path/Frameworks",
				);
				PRODUCT_BUNDLE_IDENTIFIER = com.farishalteh.VitaminReminderUITests;
				PRODUCT_NAME = "$(TARGET_NAME)";
				TARGETED_DEVICE_FAMILY = "1,2";
				TEST_TARGET_NAME = VitaminReminder;
			};
			name = Debug;
		};
		19C98B5F2192043600E8A36F /* Release */ = {
			isa = XCBuildConfiguration;
			buildSettings = {
				CODE_SIGN_STYLE = Automatic;
				INFOPLIST_FILE = VitaminReminderUITests/Info.plist;
				LD_RUNPATH_SEARCH_PATHS = (
					"$(inherited)",
					"@executable_path/Frameworks",
					"@loader_path/Frameworks",
				);
				PRODUCT_BUNDLE_IDENTIFIER = com.farishalteh.VitaminReminderUITests;
				PRODUCT_NAME = "$(TARGET_NAME)";
				TARGETED_DEVICE_FAMILY = "1,2";
				TEST_TARGET_NAME = VitaminReminder;
			};
			name = Release;
		};
/* End XCBuildConfiguration section */

/* Begin XCConfigurationList section */
		19C98B232192043400E8A36F /* Build configuration list for PBXProject "VitaminReminder" */ = {
			isa = XCConfigurationList;
			buildConfigurations = (
				19C98B552192043600E8A36F /* Debug */,
				19C98B562192043600E8A36F /* Release */,
			);
			defaultConfigurationIsVisible = 0;
			defaultConfigurationName = Release;
		};
		19C98B572192043600E8A36F /* Build configuration list for PBXNativeTarget "VitaminReminder" */ = {
			isa = XCConfigurationList;
			buildConfigurations = (
				19C98B582192043600E8A36F /* Debug */,
				19C98B592192043600E8A36F /* Release */,
			);
			defaultConfigurationIsVisible = 0;
			defaultConfigurationName = Release;
		};
		19C98B5A2192043600E8A36F /* Build configuration list for PBXNativeTarget "VitaminReminderTests" */ = {
			isa = XCConfigurationList;
			buildConfigurations = (
				19C98B5B2192043600E8A36F /* Debug */,
				19C98B5C2192043600E8A36F /* Release */,
			);
			defaultConfigurationIsVisible = 0;
			defaultConfigurationName = Release;
		};
		19C98B5D2192043600E8A36F /* Build configuration list for PBXNativeTarget "VitaminReminderUITests" */ = {
			isa = XCConfigurationList;
			buildConfigurations = (
				19C98B5E2192043600E8A36F /* Debug */,
				19C98B5F2192043600E8A36F /* Release */,
			);
			defaultConfigurationIsVisible = 0;
			defaultConfigurationName = Release;
		};
/* End XCConfigurationList section */

/* Begin XCVersionGroup section */
		19C98B342192043400E8A36F /* VitaminReminder.xcdatamodeld */ = {
			isa = XCVersionGroup;
			children = (
				19C98B352192043400E8A36F /* VitaminReminder.xcdatamodel */,
			);
			currentVersion = 19C98B352192043400E8A36F /* VitaminReminder.xcdatamodel */;
			path = VitaminReminder.xcdatamodeld;
			sourceTree = "<group>";
			versionGroupType = wrapper.xcdatamodel;
		};
/* End XCVersionGroup section */
	};
	rootObject = 19C98B202192043400E8A36F /* Project object */;
}
